// !$*UTF8*$!
{
	archiveVersion = 1;
	classes = {
	};
	objectVersion = 46;
	objects = {

/* Begin PBXBuildFile section */
		8EAC121D182D26010055F3F1 /* Foundation.framework in Frameworks */ = {isa = PBXBuildFile; fileRef = 8EAC121C182D26010055F3F1 /* Foundation.framework */; };
		8EAC121F182D26010055F3F1 /* CoreGraphics.framework in Frameworks */ = {isa = PBXBuildFile; fileRef = 8EAC121E182D26010055F3F1 /* CoreGraphics.framework */; };
		8EAC1221182D26010055F3F1 /* UIKit.framework in Frameworks */ = {isa = PBXBuildFile; fileRef = 8EAC1220182D26010055F3F1 /* UIKit.framework */; };
		8EAC1227182D26010055F3F1 /* InfoPlist.strings in Resources */ = {isa = PBXBuildFile; fileRef = 8EAC1225182D26010055F3F1 /* InfoPlist.strings */; };
		8EAC1229182D26010055F3F1 /* main.m in Sources */ = {isa = PBXBuildFile; fileRef = 8EAC1228182D26010055F3F1 /* main.m */; };
		8EAC122D182D26010055F3F1 /* StatrIOS-AppDelegate.m in Sources */ = {isa = PBXBuildFile; fileRef = 8EAC122C182D26010055F3F1 /* StatrIOS-AppDelegate.m */; };
		8EAC1235182D26010055F3F1 /* Images.xcassets in Resources */ = {isa = PBXBuildFile; fileRef = 8EAC1234182D26010055F3F1 /* Images.xcassets */; };
		8EAC123D182D26020055F3F1 /* Foundation.framework in Frameworks */ = {isa = PBXBuildFile; fileRef = 8EAC121C182D26010055F3F1 /* Foundation.framework */; };
		8EAC123E182D26020055F3F1 /* UIKit.framework in Frameworks */ = {isa = PBXBuildFile; fileRef = 8EAC1220182D26010055F3F1 /* UIKit.framework */; };
		8EAC1246182D26020055F3F1 /* InfoPlist.strings in Resources */ = {isa = PBXBuildFile; fileRef = 8EAC1244182D26020055F3F1 /* InfoPlist.strings */; };
		8EAC1248182D26020055F3F1 /* StatrIOSTestProjectTests.m in Sources */ = {isa = PBXBuildFile; fileRef = 8EAC1247182D26020055F3F1 /* StatrIOSTestProjectTests.m */; };
		8EAC1255182D27FC0055F3F1 /* logo.png in Resources */ = {isa = PBXBuildFile; fileRef = 8EAC1254182D27FC0055F3F1 /* logo.png */; };
		8EAC126C182D2D380055F3F1 /* SystemConfiguration.framework in Frameworks */ = {isa = PBXBuildFile; fileRef = 8EAC126B182D2D380055F3F1 /* SystemConfiguration.framework */; };
		8EAC126E182D2D3E0055F3F1 /* Security.framework in Frameworks */ = {isa = PBXBuildFile; fileRef = 8EAC126D182D2D3E0055F3F1 /* Security.framework */; };
		DE3BE03018323358008B6497 /* STATR_Crash_VC.m in Sources */ = {isa = PBXBuildFile; fileRef = DE3BE02F18323358008B6497 /* STATR_Crash_VC.m */; };
		DE3BE03D183233C3008B6497 /* StartIOS-LicenseVC.m in Sources */ = {isa = PBXBuildFile; fileRef = DE3BE031183233C3008B6497 /* StartIOS-LicenseVC.m */; };
		DE3BE03E183233C3008B6497 /* StatrIOS-CEErrorVC.m in Sources */ = {isa = PBXBuildFile; fileRef = DE3BE033183233C3008B6497 /* StatrIOS-CEErrorVC.m */; };
		DE3BE03F183233C3008B6497 /* StatrIOS-CEIntegerVC.m in Sources */ = {isa = PBXBuildFile; fileRef = DE3BE035183233C3008B6497 /* StatrIOS-CEIntegerVC.m */; };
		DE3BE040183233C3008B6497 /* StatrIOS-CELogVC.m in Sources */ = {isa = PBXBuildFile; fileRef = DE3BE037183233C3008B6497 /* StatrIOS-CELogVC.m */; };
		DE3BE041183233C3008B6497 /* StatrIOS-CEStringVC.m in Sources */ = {isa = PBXBuildFile; fileRef = DE3BE039183233C3008B6497 /* StatrIOS-CEStringVC.m */; };
		DE3BE042183233C3008B6497 /* StatrIOS-InitialVC.m in Sources */ = {isa = PBXBuildFile; fileRef = DE3BE03B183233C3008B6497 /* StatrIOS-InitialVC.m */; };
		DE8EB4C31847A57200226CCE /* Main_iOS6.storyboard in Resources */ = {isa = PBXBuildFile; fileRef = DE8EB4A41847827C00226CCE /* Main_iOS6.storyboard */; };
		DE8EB4C4184896B200226CCE /* Main_iOS7.storyboard in Resources */ = {isa = PBXBuildFile; fileRef = DE8EB4A61847827C00226CCE /* Main_iOS7.storyboard */; };
		DE8F0955184E10FF0087639F /* libSTATRTracker.a in Frameworks */ = {isa = PBXBuildFile; fileRef = DE8F0953184E10FF0087639F /* libSTATRTracker.a */; };
		DEA1F66018300AB000CCA99D /* Default-568h@2x.png in Resources */ = {isa = PBXBuildFile; fileRef = DEA1F65F18300AB000CCA99D /* Default-568h@2x.png */; };
/* End PBXBuildFile section */

/* Begin PBXContainerItemProxy section */
		8EAC123F182D26020055F3F1 /* PBXContainerItemProxy */ = {
			isa = PBXContainerItemProxy;
			containerPortal = 8EAC1211182D26010055F3F1 /* Project object */;
			proxyType = 1;
			remoteGlobalIDString = 8EAC1218182D26010055F3F1;
			remoteInfo = StartIOSTestProject;
		};
/* End PBXContainerItemProxy section */

/* Begin PBXFileReference section */
		8EAC1219182D26010055F3F1 /* StatrIOSTestProject.app */ = {isa = PBXFileReference; explicitFileType = wrapper.application; includeInIndex = 0; path = StatrIOSTestProject.app; sourceTree = BUILT_PRODUCTS_DIR; };
		8EAC121C182D26010055F3F1 /* Foundation.framework */ = {isa = PBXFileReference; lastKnownFileType = wrapper.framework; name = Foundation.framework; path = System/Library/Frameworks/Foundation.framework; sourceTree = SDKROOT; };
		8EAC121E182D26010055F3F1 /* CoreGraphics.framework */ = {isa = PBXFileReference; lastKnownFileType = wrapper.framework; name = CoreGraphics.framework; path = System/Library/Frameworks/CoreGraphics.framework; sourceTree = SDKROOT; };
		8EAC1220182D26010055F3F1 /* UIKit.framework */ = {isa = PBXFileReference; lastKnownFileType = wrapper.framework; name = UIKit.framework; path = System/Library/Frameworks/UIKit.framework; sourceTree = SDKROOT; };
		8EAC1224182D26010055F3F1 /* StatrIOSTestProject-Info.plist */ = {isa = PBXFileReference; lastKnownFileType = text.plist.xml; path = "StatrIOSTestProject-Info.plist"; sourceTree = "<group>"; };
		8EAC1226182D26010055F3F1 /* en */ = {isa = PBXFileReference; lastKnownFileType = text.plist.strings; name = en; path = en.lproj/InfoPlist.strings; sourceTree = "<group>"; };
		8EAC1228182D26010055F3F1 /* main.m */ = {isa = PBXFileReference; lastKnownFileType = sourcecode.c.objc; path = main.m; sourceTree = "<group>"; };
		8EAC122A182D26010055F3F1 /* StatrIOSTestProject-Prefix.pch */ = {isa = PBXFileReference; lastKnownFileType = sourcecode.c.h; path = "StatrIOSTestProject-Prefix.pch"; sourceTree = "<group>"; };
		8EAC122B182D26010055F3F1 /* StatrIOS-AppDelegate.h */ = {isa = PBXFileReference; lastKnownFileType = sourcecode.c.h; path = "StatrIOS-AppDelegate.h"; sourceTree = "<group>"; };
		8EAC122C182D26010055F3F1 /* StatrIOS-AppDelegate.m */ = {isa = PBXFileReference; lastKnownFileType = sourcecode.c.objc; path = "StatrIOS-AppDelegate.m"; sourceTree = "<group>"; };
		8EAC1234182D26010055F3F1 /* Images.xcassets */ = {isa = PBXFileReference; lastKnownFileType = folder.assetcatalog; path = Images.xcassets; sourceTree = "<group>"; };
		8EAC123A182D26020055F3F1 /* StatrIOSTestProjectTests.xctest */ = {isa = PBXFileReference; explicitFileType = wrapper.cfbundle; includeInIndex = 0; path = StatrIOSTestProjectTests.xctest; sourceTree = BUILT_PRODUCTS_DIR; };
		8EAC1243182D26020055F3F1 /* StatrIOSTestProjectTests-Info.plist */ = {isa = PBXFileReference; lastKnownFileType = text.plist.xml; path = "StatrIOSTestProjectTests-Info.plist"; sourceTree = "<group>"; };
		8EAC1245182D26020055F3F1 /* en */ = {isa = PBXFileReference; lastKnownFileType = text.plist.strings; name = en; path = en.lproj/InfoPlist.strings; sourceTree = "<group>"; };
		8EAC1247182D26020055F3F1 /* StatrIOSTestProjectTests.m */ = {isa = PBXFileReference; lastKnownFileType = sourcecode.c.objc; path = StatrIOSTestProjectTests.m; sourceTree = "<group>"; };
		8EAC1254182D27FC0055F3F1 /* logo.png */ = {isa = PBXFileReference; lastKnownFileType = image.png; path = logo.png; sourceTree = "<group>"; };
		8EAC126B182D2D380055F3F1 /* SystemConfiguration.framework */ = {isa = PBXFileReference; lastKnownFileType = wrapper.framework; name = SystemConfiguration.framework; path = System/Library/Frameworks/SystemConfiguration.framework; sourceTree = SDKROOT; };
		8EAC126D182D2D3E0055F3F1 /* Security.framework */ = {isa = PBXFileReference; lastKnownFileType = wrapper.framework; name = Security.framework; path = System/Library/Frameworks/Security.framework; sourceTree = SDKROOT; };
		DE3BE02E18323358008B6497 /* STATR_Crash_VC.h */ = {isa = PBXFileReference; fileEncoding = 4; lastKnownFileType = sourcecode.c.h; path = STATR_Crash_VC.h; sourceTree = "<group>"; };
		DE3BE02F18323358008B6497 /* STATR_Crash_VC.m */ = {isa = PBXFileReference; fileEncoding = 4; lastKnownFileType = sourcecode.c.objc; path = STATR_Crash_VC.m; sourceTree = "<group>"; };
		DE3BE031183233C3008B6497 /* StartIOS-LicenseVC.m */ = {isa = PBXFileReference; fileEncoding = 4; lastKnownFileType = sourcecode.c.objc; path = "StartIOS-LicenseVC.m"; sourceTree = "<group>"; };
		DE3BE032183233C3008B6497 /* StatrIOS-CEErrorVC.h */ = {isa = PBXFileReference; fileEncoding = 4; lastKnownFileType = sourcecode.c.h; path = "StatrIOS-CEErrorVC.h"; sourceTree = "<group>"; };
		DE3BE033183233C3008B6497 /* StatrIOS-CEErrorVC.m */ = {isa = PBXFileReference; fileEncoding = 4; lastKnownFileType = sourcecode.c.objc; path = "StatrIOS-CEErrorVC.m"; sourceTree = "<group>"; };
		DE3BE034183233C3008B6497 /* StatrIOS-CEIntegerVC.h */ = {isa = PBXFileReference; fileEncoding = 4; lastKnownFileType = sourcecode.c.h; path = "StatrIOS-CEIntegerVC.h"; sourceTree = "<group>"; };
		DE3BE035183233C3008B6497 /* StatrIOS-CEIntegerVC.m */ = {isa = PBXFileReference; fileEncoding = 4; lastKnownFileType = sourcecode.c.objc; path = "StatrIOS-CEIntegerVC.m"; sourceTree = "<group>"; };
		DE3BE036183233C3008B6497 /* StatrIOS-CELogVC.h */ = {isa = PBXFileReference; fileEncoding = 4; lastKnownFileType = sourcecode.c.h; path = "StatrIOS-CELogVC.h"; sourceTree = "<group>"; };
		DE3BE037183233C3008B6497 /* StatrIOS-CELogVC.m */ = {isa = PBXFileReference; fileEncoding = 4; lastKnownFileType = sourcecode.c.objc; path = "StatrIOS-CELogVC.m"; sourceTree = "<group>"; };
		DE3BE038183233C3008B6497 /* StatrIOS-CEStringVC.h */ = {isa = PBXFileReference; fileEncoding = 4; lastKnownFileType = sourcecode.c.h; path = "StatrIOS-CEStringVC.h"; sourceTree = "<group>"; };
		DE3BE039183233C3008B6497 /* StatrIOS-CEStringVC.m */ = {isa = PBXFileReference; fileEncoding = 4; lastKnownFileType = sourcecode.c.objc; path = "StatrIOS-CEStringVC.m"; sourceTree = "<group>"; };
		DE3BE03A183233C3008B6497 /* StatrIOS-InitialVC.h */ = {isa = PBXFileReference; fileEncoding = 4; lastKnownFileType = sourcecode.c.h; path = "StatrIOS-InitialVC.h"; sourceTree = "<group>"; };
		DE3BE03B183233C3008B6497 /* StatrIOS-InitialVC.m */ = {isa = PBXFileReference; fileEncoding = 4; lastKnownFileType = sourcecode.c.objc; path = "StatrIOS-InitialVC.m"; sourceTree = "<group>"; };
		DE3BE03C183233C3008B6497 /* StatrIOS-LicenseVC.h */ = {isa = PBXFileReference; fileEncoding = 4; lastKnownFileType = sourcecode.c.h; path = "StatrIOS-LicenseVC.h"; sourceTree = "<group>"; };
		DE8EB4A51847827C00226CCE /* Base */ = {isa = PBXFileReference; lastKnownFileType = file.storyboard; name = Base; path = Base.lproj/Main_iOS6.storyboard; sourceTree = "<group>"; };
		DE8EB4A71847827C00226CCE /* Base */ = {isa = PBXFileReference; lastKnownFileType = file.storyboard; name = Base; path = Base.lproj/Main_iOS7.storyboard; sourceTree = "<group>"; };
		DE8F0953184E10FF0087639F /* libSTATRTracker.a */ = {isa = PBXFileReference; lastKnownFileType = archive.ar; path = libSTATRTracker.a; sourceTree = "<group>"; };
		DE8F0954184E10FF0087639F /* STATR.h */ = {isa = PBXFileReference; fileEncoding = 4; lastKnownFileType = sourcecode.c.h; path = STATR.h; sourceTree = "<group>"; };
		DEA1F65F18300AB000CCA99D /* Default-568h@2x.png */ = {isa = PBXFileReference; lastKnownFileType = image.png; path = "Default-568h@2x.png"; sourceTree = "<group>"; };
/* End PBXFileReference section */

/* Begin PBXFrameworksBuildPhase section */
		8EAC1216182D26010055F3F1 /* Frameworks */ = {
			isa = PBXFrameworksBuildPhase;
			buildActionMask = 2147483647;
			files = (
				8EAC126E182D2D3E0055F3F1 /* Security.framework in Frameworks */,
				DE8F0955184E10FF0087639F /* libSTATRTracker.a in Frameworks */,
				8EAC126C182D2D380055F3F1 /* SystemConfiguration.framework in Frameworks */,
				8EAC121F182D26010055F3F1 /* CoreGraphics.framework in Frameworks */,
				8EAC1221182D26010055F3F1 /* UIKit.framework in Frameworks */,
				8EAC121D182D26010055F3F1 /* Foundation.framework in Frameworks */,
			);
			runOnlyForDeploymentPostprocessing = 0;
		};
		8EAC1237182D26020055F3F1 /* Frameworks */ = {
			isa = PBXFrameworksBuildPhase;
			buildActionMask = 2147483647;
			files = (
				8EAC123E182D26020055F3F1 /* UIKit.framework in Frameworks */,
				8EAC123D182D26020055F3F1 /* Foundation.framework in Frameworks */,
			);
			runOnlyForDeploymentPostprocessing = 0;
		};
/* End PBXFrameworksBuildPhase section */

/* Begin PBXGroup section */
		8EAC1210182D26010055F3F1 = {
			isa = PBXGroup;
			children = (
				DEA1F65F18300AB000CCA99D /* Default-568h@2x.png */,
				8EAC1222182D26010055F3F1 /* StatrIOSTestProject */,
				8EAC1241182D26020055F3F1 /* StatrIOSTestProjectTests */,
				8EAC121B182D26010055F3F1 /* Frameworks */,
				8EAC121A182D26010055F3F1 /* Products */,
			);
			sourceTree = "<group>";
		};
		8EAC121A182D26010055F3F1 /* Products */ = {
			isa = PBXGroup;
			children = (
				8EAC1219182D26010055F3F1 /* StatrIOSTestProject.app */,
				8EAC123A182D26020055F3F1 /* StatrIOSTestProjectTests.xctest */,
			);
			name = Products;
			sourceTree = "<group>";
		};
		8EAC121B182D26010055F3F1 /* Frameworks */ = {
			isa = PBXGroup;
			children = (
				8EAC126D182D2D3E0055F3F1 /* Security.framework */,
				8EAC126B182D2D380055F3F1 /* SystemConfiguration.framework */,
				8EAC121C182D26010055F3F1 /* Foundation.framework */,
				8EAC121E182D26010055F3F1 /* CoreGraphics.framework */,
				8EAC1220182D26010055F3F1 /* UIKit.framework */,
			);
			name = Frameworks;
			sourceTree = "<group>";
		};
		8EAC1222182D26010055F3F1 /* StatrIOSTestProject */ = {
			isa = PBXGroup;
			children = (
				DE8EB4A31847826500226CCE /* Storyboards */,
				8EAC1251182D264D0055F3F1 /* StatrTracker */,
				8EAC1252182D26AE0055F3F1 /* ViewControllers */,
				8EAC122B182D26010055F3F1 /* StatrIOS-AppDelegate.h */,
				8EAC122C182D26010055F3F1 /* StatrIOS-AppDelegate.m */,
				8EAC1234182D26010055F3F1 /* Images.xcassets */,
				8EAC1223182D26010055F3F1 /* Supporting Files */,
			);
			name = StatrIOSTestProject;
			path = StartIOSTestProject;
			sourceTree = "<group>";
		};
		8EAC1223182D26010055F3F1 /* Supporting Files */ = {
			isa = PBXGroup;
			children = (
				8EAC1253182D27EB0055F3F1 /* Media */,
				8EAC1224182D26010055F3F1 /* StatrIOSTestProject-Info.plist */,
				8EAC1225182D26010055F3F1 /* InfoPlist.strings */,
				8EAC1228182D26010055F3F1 /* main.m */,
				8EAC122A182D26010055F3F1 /* StatrIOSTestProject-Prefix.pch */,
			);
			name = "Supporting Files";
			sourceTree = "<group>";
		};
		8EAC1241182D26020055F3F1 /* StatrIOSTestProjectTests */ = {
			isa = PBXGroup;
			children = (
				8EAC1247182D26020055F3F1 /* StatrIOSTestProjectTests.m */,
				8EAC1242182D26020055F3F1 /* Supporting Files */,
			);
			name = StatrIOSTestProjectTests;
			path = StartIOSTestProjectTests;
			sourceTree = "<group>";
		};
		8EAC1242182D26020055F3F1 /* Supporting Files */ = {
			isa = PBXGroup;
			children = (
				8EAC1243182D26020055F3F1 /* StatrIOSTestProjectTests-Info.plist */,
				8EAC1244182D26020055F3F1 /* InfoPlist.strings */,
			);
			name = "Supporting Files";
			sourceTree = "<group>";
		};
		8EAC1251182D264D0055F3F1 /* StatrTracker */ = {
			isa = PBXGroup;
			children = (
				DE8F0953184E10FF0087639F /* libSTATRTracker.a */,
				DE8F0954184E10FF0087639F /* STATR.h */,
			);
			name = StatrTracker;
			sourceTree = "<group>";
		};
		8EAC1252182D26AE0055F3F1 /* ViewControllers */ = {
			isa = PBXGroup;
			children = (
				DE3BE03C183233C3008B6497 /* StatrIOS-LicenseVC.h */,
				DE3BE031183233C3008B6497 /* StartIOS-LicenseVC.m */,
				DE3BE032183233C3008B6497 /* StatrIOS-CEErrorVC.h */,
				DE3BE033183233C3008B6497 /* StatrIOS-CEErrorVC.m */,
				DE3BE034183233C3008B6497 /* StatrIOS-CEIntegerVC.h */,
				DE3BE035183233C3008B6497 /* StatrIOS-CEIntegerVC.m */,
				DE3BE036183233C3008B6497 /* StatrIOS-CELogVC.h */,
				DE3BE037183233C3008B6497 /* StatrIOS-CELogVC.m */,
				DE3BE038183233C3008B6497 /* StatrIOS-CEStringVC.h */,
				DE3BE039183233C3008B6497 /* StatrIOS-CEStringVC.m */,
				DE3BE03A183233C3008B6497 /* StatrIOS-InitialVC.h */,
				DE3BE03B183233C3008B6497 /* StatrIOS-InitialVC.m */,
				DE3BE02E18323358008B6497 /* STATR_Crash_VC.h */,
				DE3BE02F18323358008B6497 /* STATR_Crash_VC.m */,
			);
			name = ViewControllers;
			sourceTree = "<group>";
		};
		8EAC1253182D27EB0055F3F1 /* Media */ = {
			isa = PBXGroup;
			children = (
				8EAC1254182D27FC0055F3F1 /* logo.png */,
			);
			name = Media;
			sourceTree = "<group>";
		};
		DE8EB4A31847826500226CCE /* Storyboards */ = {
			isa = PBXGroup;
			children = (
				DE8EB4A41847827C00226CCE /* Main_iOS6.storyboard */,
				DE8EB4A61847827C00226CCE /* Main_iOS7.storyboard */,
			);
			name = Storyboards;
			sourceTree = "<group>";
		};
/* End PBXGroup section */

/* Begin PBXNativeTarget section */
		8EAC1218182D26010055F3F1 /* StatrIOSTestProject */ = {
			isa = PBXNativeTarget;
			buildConfigurationList = 8EAC124B182D26020055F3F1 /* Build configuration list for PBXNativeTarget "StatrIOSTestProject" */;
			buildPhases = (
				8EAC1215182D26010055F3F1 /* Sources */,
				8EAC1216182D26010055F3F1 /* Frameworks */,
				8EAC1217182D26010055F3F1 /* Resources */,
			);
			buildRules = (
			);
			dependencies = (
			);
			name = StatrIOSTestProject;
			productName = StartIOSTestProject;
			productReference = 8EAC1219182D26010055F3F1 /* StatrIOSTestProject.app */;
			productType = "com.apple.product-type.application";
		};
		8EAC1239182D26020055F3F1 /* StatrIOSTestProjectTests */ = {
			isa = PBXNativeTarget;
			buildConfigurationList = 8EAC124E182D26020055F3F1 /* Build configuration list for PBXNativeTarget "StatrIOSTestProjectTests" */;
			buildPhases = (
				8EAC1236182D26020055F3F1 /* Sources */,
				8EAC1237182D26020055F3F1 /* Frameworks */,
				8EAC1238182D26020055F3F1 /* Resources */,
			);
			buildRules = (
			);
			dependencies = (
				8EAC1240182D26020055F3F1 /* PBXTargetDependency */,
			);
			name = StatrIOSTestProjectTests;
			productName = StartIOSTestProjectTests;
			productReference = 8EAC123A182D26020055F3F1 /* StatrIOSTestProjectTests.xctest */;
			productType = "com.apple.product-type.bundle.unit-test";
		};
/* End PBXNativeTarget section */

/* Begin PBXProject section */
		8EAC1211182D26010055F3F1 /* Project object */ = {
			isa = PBXProject;
			attributes = {
				CLASSPREFIX = "StartIOS-";
				LastUpgradeCheck = 0500;
				ORGANIZATIONNAME = "Нестор Койляк";
				TargetAttributes = {
					8EAC1239182D26020055F3F1 = {
						TestTargetID = 8EAC1218182D26010055F3F1;
					};
				};
			};
			buildConfigurationList = 8EAC1214182D26010055F3F1 /* Build configuration list for PBXProject "StatrIOSTestProject" */;
			compatibilityVersion = "Xcode 3.2";
			developmentRegion = English;
			hasScannedForEncodings = 0;
			knownRegions = (
				en,
				Base,
			);
			mainGroup = 8EAC1210182D26010055F3F1;
			productRefGroup = 8EAC121A182D26010055F3F1 /* Products */;
			projectDirPath = "";
			projectRoot = "";
			targets = (
				8EAC1218182D26010055F3F1 /* StatrIOSTestProject */,
				8EAC1239182D26020055F3F1 /* StatrIOSTestProjectTests */,
			);
		};
/* End PBXProject section */

/* Begin PBXResourcesBuildPhase section */
		8EAC1217182D26010055F3F1 /* Resources */ = {
			isa = PBXResourcesBuildPhase;
			buildActionMask = 2147483647;
			files = (
				DE8EB4C4184896B200226CCE /* Main_iOS7.storyboard in Resources */,
				DE8EB4C31847A57200226CCE /* Main_iOS6.storyboard in Resources */,
				8EAC1255182D27FC0055F3F1 /* logo.png in Resources */,
				8EAC1235182D26010055F3F1 /* Images.xcassets in Resources */,
				8EAC1227182D26010055F3F1 /* InfoPlist.strings in Resources */,
				DEA1F66018300AB000CCA99D /* Default-568h@2x.png in Resources */,
			);
			runOnlyForDeploymentPostprocessing = 0;
		};
		8EAC1238182D26020055F3F1 /* Resources */ = {
			isa = PBXResourcesBuildPhase;
			buildActionMask = 2147483647;
			files = (
				8EAC1246182D26020055F3F1 /* InfoPlist.strings in Resources */,
			);
			runOnlyForDeploymentPostprocessing = 0;
		};
/* End PBXResourcesBuildPhase section */

/* Begin PBXSourcesBuildPhase section */
		8EAC1215182D26010055F3F1 /* Sources */ = {
			isa = PBXSourcesBuildPhase;
			buildActionMask = 2147483647;
			files = (
				DE3BE042183233C3008B6497 /* StatrIOS-InitialVC.m in Sources */,
				DE3BE03018323358008B6497 /* STATR_Crash_VC.m in Sources */,
				DE3BE03E183233C3008B6497 /* StatrIOS-CEErrorVC.m in Sources */,
				DE3BE040183233C3008B6497 /* StatrIOS-CELogVC.m in Sources */,
				DE3BE03D183233C3008B6497 /* StartIOS-LicenseVC.m in Sources */,
				8EAC1229182D26010055F3F1 /* main.m in Sources */,
				DE3BE03F183233C3008B6497 /* StatrIOS-CEIntegerVC.m in Sources */,
				DE3BE041183233C3008B6497 /* StatrIOS-CEStringVC.m in Sources */,
				8EAC122D182D26010055F3F1 /* StatrIOS-AppDelegate.m in Sources */,
			);
			runOnlyForDeploymentPostprocessing = 0;
		};
		8EAC1236182D26020055F3F1 /* Sources */ = {
			isa = PBXSourcesBuildPhase;
			buildActionMask = 2147483647;
			files = (
				8EAC1248182D26020055F3F1 /* StatrIOSTestProjectTests.m in Sources */,
			);
			runOnlyForDeploymentPostprocessing = 0;
		};
/* End PBXSourcesBuildPhase section */

/* Begin PBXTargetDependency section */
		8EAC1240182D26020055F3F1 /* PBXTargetDependency */ = {
			isa = PBXTargetDependency;
			target = 8EAC1218182D26010055F3F1 /* StatrIOSTestProject */;
			targetProxy = 8EAC123F182D26020055F3F1 /* PBXContainerItemProxy */;
		};
/* End PBXTargetDependency section */

/* Begin PBXVariantGroup section */
		8EAC1225182D26010055F3F1 /* InfoPlist.strings */ = {
			isa = PBXVariantGroup;
			children = (
				8EAC1226182D26010055F3F1 /* en */,
			);
			name = InfoPlist.strings;
			sourceTree = "<group>";
		};
		8EAC1244182D26020055F3F1 /* InfoPlist.strings */ = {
			isa = PBXVariantGroup;
			children = (
				8EAC1245182D26020055F3F1 /* en */,
			);
			name = InfoPlist.strings;
			sourceTree = "<group>";
		};
		DE8EB4A41847827C00226CCE /* Main_iOS6.storyboard */ = {
			isa = PBXVariantGroup;
			children = (
				DE8EB4A51847827C00226CCE /* Base */,
			);
			name = Main_iOS6.storyboard;
			sourceTree = "<group>";
		};
		DE8EB4A61847827C00226CCE /* Main_iOS7.storyboard */ = {
			isa = PBXVariantGroup;
			children = (
				DE8EB4A71847827C00226CCE /* Base */,
			);
			name = Main_iOS7.storyboard;
			sourceTree = "<group>";
		};
/* End PBXVariantGroup section */

/* Begin XCBuildConfiguration section */
		8EAC1249182D26020055F3F1 /* Debug */ = {
			isa = XCBuildConfiguration;
			buildSettings = {
				ALWAYS_SEARCH_USER_PATHS = NO;
				CLANG_CXX_LANGUAGE_STANDARD = "gnu++0x";
				CLANG_CXX_LIBRARY = "libc++";
				CLANG_ENABLE_MODULES = YES;
				CLANG_ENABLE_OBJC_ARC = YES;
				CLANG_WARN_BOOL_CONVERSION = YES;
				CLANG_WARN_CONSTANT_CONVERSION = YES;
				CLANG_WARN_DIRECT_OBJC_ISA_USAGE = YES_ERROR;
				CLANG_WARN_EMPTY_BODY = YES;
				CLANG_WARN_ENUM_CONVERSION = YES;
				CLANG_WARN_INT_CONVERSION = YES;
				CLANG_WARN_OBJC_ROOT_CLASS = YES_ERROR;
				CLANG_WARN__DUPLICATE_METHOD_MATCH = YES;
				CODE_SIGN_IDENTITY = "Developer ID Application";
				"CODE_SIGN_IDENTITY[sdk=iphoneos*]" = vkSpyCertificate;
				COPY_PHASE_STRIP = NO;
				GCC_C_LANGUAGE_STANDARD = gnu99;
				GCC_DYNAMIC_NO_PIC = NO;
				GCC_OPTIMIZATION_LEVEL = 0;
				GCC_PREPROCESSOR_DEFINITIONS = (
					"DEBUG=1",
					"$(inherited)",
				);
				GCC_SYMBOLS_PRIVATE_EXTERN = NO;
				GCC_WARN_64_TO_32_BIT_CONVERSION = YES;
				GCC_WARN_ABOUT_RETURN_TYPE = YES_ERROR;
				GCC_WARN_UNDECLARED_SELECTOR = YES;
				GCC_WARN_UNINITIALIZED_AUTOS = YES;
				GCC_WARN_UNUSED_FUNCTION = YES;
				GCC_WARN_UNUSED_VARIABLE = YES;
				IPHONEOS_DEPLOYMENT_TARGET = 6.1;
				ONLY_ACTIVE_ARCH = YES;
				SDKROOT = iphoneos;
			};
			name = Debug;
		};
		8EAC124A182D26020055F3F1 /* Release */ = {
			isa = XCBuildConfiguration;
			buildSettings = {
				ALWAYS_SEARCH_USER_PATHS = NO;
				CLANG_CXX_LANGUAGE_STANDARD = "gnu++0x";
				CLANG_CXX_LIBRARY = "libc++";
				CLANG_ENABLE_MODULES = YES;
				CLANG_ENABLE_OBJC_ARC = YES;
				CLANG_WARN_BOOL_CONVERSION = YES;
				CLANG_WARN_CONSTANT_CONVERSION = YES;
				CLANG_WARN_DIRECT_OBJC_ISA_USAGE = YES_ERROR;
				CLANG_WARN_EMPTY_BODY = YES;
				CLANG_WARN_ENUM_CONVERSION = YES;
				CLANG_WARN_INT_CONVERSION = YES;
				CLANG_WARN_OBJC_ROOT_CLASS = YES_ERROR;
				CLANG_WARN__DUPLICATE_METHOD_MATCH = YES;
				CODE_SIGN_IDENTITY = "Developer ID Application";
				"CODE_SIGN_IDENTITY[sdk=iphoneos*]" = vkSpyCertificate;
				COPY_PHASE_STRIP = YES;
				ENABLE_NS_ASSERTIONS = NO;
				GCC_C_LANGUAGE_STANDARD = gnu99;
				GCC_WARN_64_TO_32_BIT_CONVERSION = YES;
				GCC_WARN_ABOUT_RETURN_TYPE = YES_ERROR;
				GCC_WARN_UNDECLARED_SELECTOR = YES;
				GCC_WARN_UNINITIALIZED_AUTOS = YES;
				GCC_WARN_UNUSED_FUNCTION = YES;
				GCC_WARN_UNUSED_VARIABLE = YES;
				IPHONEOS_DEPLOYMENT_TARGET = 6.1;
				SDKROOT = iphoneos;
				VALIDATE_PRODUCT = YES;
			};
			name = Release;
		};
		8EAC124C182D26020055F3F1 /* Debug */ = {
			isa = XCBuildConfiguration;
			buildSettings = {
				ASSETCATALOG_COMPILER_APPICON_NAME = AppIcon;
				ASSETCATALOG_COMPILER_LAUNCHIMAGE_NAME = LaunchImage;
				GCC_PRECOMPILE_PREFIX_HEADER = YES;
				GCC_PREFIX_HEADER = "StartIOSTestProject/StatrIOSTestProject-Prefix.pch";
				INFOPLIST_FILE = "StartIOSTestProject/StatrIOSTestProject-Info.plist";
				IPHONEOS_DEPLOYMENT_TARGET = 6.1;
				LIBRARY_SEARCH_PATHS = (
					"$(inherited)",
					StartIOSTestProject/,
				);
				PRODUCT_NAME = StatrIOSTestProject;
				WRAPPER_EXTENSION = app;
			};
			name = Debug;
		};
		8EAC124D182D26020055F3F1 /* Release */ = {
			isa = XCBuildConfiguration;
			buildSettings = {
				ASSETCATALOG_COMPILER_APPICON_NAME = AppIcon;
				ASSETCATALOG_COMPILER_LAUNCHIMAGE_NAME = LaunchImage;
				GCC_PRECOMPILE_PREFIX_HEADER = YES;
				GCC_PREFIX_HEADER = "StartIOSTestProject/StatrIOSTestProject-Prefix.pch";
				INFOPLIST_FILE = "StartIOSTestProject/StatrIOSTestProject-Info.plist";
				IPHONEOS_DEPLOYMENT_TARGET = 6.1;
				LIBRARY_SEARCH_PATHS = (
					"$(inherited)",
					StartIOSTestProject/,
				);
				PRODUCT_NAME = StatrIOSTestProject;
				WRAPPER_EXTENSION = app;
			};
			name = Release;
		};
		8EAC124F182D26020055F3F1 /* Debug */ = {
			isa = XCBuildConfiguration;
			buildSettings = {
				BUNDLE_LOADER = "$(BUILT_PRODUCTS_DIR)/StartIOSTestProject.app/StartIOSTestProject";
				FRAMEWORK_SEARCH_PATHS = (
					"$(SDKROOT)/Developer/Library/Frameworks",
					"$(inherited)",
					"$(DEVELOPER_FRAMEWORKS_DIR)",
				);
				GCC_PRECOMPILE_PREFIX_HEADER = YES;
				GCC_PREFIX_HEADER = "StartIOSTestProject/StartIOSTestProject-Prefix.pch";
				GCC_PREPROCESSOR_DEFINITIONS = (
					"DEBUG=1",
					"$(inherited)",
				);
				INFOPLIST_FILE = "StartIOSTestProjectTests/StatrIOSTestProjectTests-Info.plist";
				PRODUCT_NAME = StatrIOSTestProjectTests;
				TEST_HOST = "$(BUNDLE_LOADER)";
				WRAPPER_EXTENSION = xctest;
			};
			name = Debug;
		};
		8EAC1250182D26020055F3F1 /* Release */ = {
			isa = XCBuildConfiguration;
			buildSettings = {
				BUNDLE_LOADER = "$(BUILT_PRODUCTS_DIR)/StartIOSTestProject.app/StartIOSTestProject";
				FRAMEWORK_SEARCH_PATHS = (
					"$(SDKROOT)/Developer/Library/Frameworks",
					"$(inherited)",
					"$(DEVELOPER_FRAMEWORKS_DIR)",
				);
				GCC_PRECOMPILE_PREFIX_HEADER = YES;
				GCC_PREFIX_HEADER = "StartIOSTestProject/StartIOSTestProject-Prefix.pch";
				INFOPLIST_FILE = "StartIOSTestProjectTests/StatrIOSTestProjectTests-Info.plist";
				PRODUCT_NAME = StatrIOSTestProjectTests;
				TEST_HOST = "$(BUNDLE_LOADER)";
				WRAPPER_EXTENSION = xctest;
			};
			name = Release;
		};
/* End XCBuildConfiguration section */

/* Begin XCConfigurationList section */
		8EAC1214182D26010055F3F1 /* Build configuration list for PBXProject "StatrIOSTestProject" */ = {
			isa = XCConfigurationList;
			buildConfigurations = (
				8EAC1249182D26020055F3F1 /* Debug */,
				8EAC124A182D26020055F3F1 /* Release */,
			);
			defaultConfigurationIsVisible = 0;
			defaultConfigurationName = Release;
		};
		8EAC124B182D26020055F3F1 /* Build configuration list for PBXNativeTarget "StatrIOSTestProject" */ = {
			isa = XCConfigurationList;
			buildConfigurations = (
				8EAC124C182D26020055F3F1 /* Debug */,
				8EAC124D182D26020055F3F1 /* Release */,
			);
			defaultConfigurationIsVisible = 0;
			defaultConfigurationName = Release;
		};
		8EAC124E182D26020055F3F1 /* Build configuration list for PBXNativeTarget "StatrIOSTestProjectTests" */ = {
			isa = XCConfigurationList;
			buildConfigurations = (
				8EAC124F182D26020055F3F1 /* Debug */,
				8EAC1250182D26020055F3F1 /* Release */,
			);
			defaultConfigurationIsVisible = 0;
			defaultConfigurationName = Release;
		};
/* End XCConfigurationList section */
	};
	rootObject = 8EAC1211182D26010055F3F1 /* Project object */;
}
