// !$*UTF8*$!
{
	archiveVersion = 1;
	classes = {
	};
	objectVersion = 46;
	objects = {

/* Begin PBXAggregateTarget section */
		3A4EE18A17BE4C97008ED7A2 /* STATRTrackerAggregate */ = {
			isa = PBXAggregateTarget;
			buildConfigurationList = 3A4EE18D17BE4C97008ED7A2 /* Build configuration list for PBXAggregateTarget "STATRTrackerAggregate" */;
			buildPhases = (
				3A4EE18E17BE4CED008ED7A2 /* ShellScript */,
			);
			dependencies = (
			);
			name = STATRTrackerAggregate;
			productName = SSSTrackerAggregate;
		};
/* End PBXAggregateTarget section */

/* Begin PBXBuildFile section */
		14E1E1B719A874625474B7D0 /* STATRInitParameters.m in Sources */ = {isa = PBXBuildFile; fileRef = 14E1E8A198991D1044F80EC6 /* STATRInitParameters.m */; };
		14E1E282C980445B79C34A55 /* STATRSystemInformation.m in Sources */ = {isa = PBXBuildFile; fileRef = 14E1E8AB220DB1DDB68B7CC2 /* STATRSystemInformation.m */; };
		14E1E389D2BF64E6F5FCB758 /* STATRProductVersion.m in Sources */ = {isa = PBXBuildFile; fileRef = 14E1E2A728B83D31A880386F /* STATRProductVersion.m */; };
		14E1E4C371B71B7285BDC088 /* STATREventParameter.m in Sources */ = {isa = PBXBuildFile; fileRef = 14E1E2939893653E54E1FDC4 /* STATREventParameter.m */; };
		14E1EDF20365272B559BAC45 /* KeychainItemWrapper.m in Sources */ = {isa = PBXBuildFile; fileRef = 14E1E4952E3903EBA50D4BBA /* KeychainItemWrapper.m */; };
		3A0EA44518054BB8005B62CE /* STATRViewController.m in Sources */ = {isa = PBXBuildFile; fileRef = 3A0EA44418054BB8005B62CE /* STATRViewController.m */; };
		3A5936FF180C34380084C79B /* Reachability.m in Sources */ = {isa = PBXBuildFile; fileRef = 3A5936FE180C34380084C79B /* Reachability.m */; };
		3A593705180C4A1B0084C79B /* SystemConfiguration.framework in Frameworks */ = {isa = PBXBuildFile; fileRef = 3A593704180C4A1B0084C79B /* SystemConfiguration.framework */; };
		3A5ACB2517FC2B7400D787BC /* Security.framework in Frameworks */ = {isa = PBXBuildFile; fileRef = 3A5ACB2417FC2B7400D787BC /* Security.framework */; };
		3A6765B917BCF7F600E555E7 /* STATR.h in CopyFiles */ = {isa = PBXBuildFile; fileRef = B9E9A8BE136A90C700786D64 /* STATR.h */; };
		B9987259136FD6CF00FD3703 /* UIKit.framework in Frameworks */ = {isa = PBXBuildFile; fileRef = B9987258136FD6CF00FD3703 /* UIKit.framework */; };
		B998725F1370027400FD3703 /* STATRXmlWriter.m in Sources */ = {isa = PBXBuildFile; fileRef = B998725D1370027400FD3703 /* STATRXmlWriter.m */; };
		B99872941370286700FD3703 /* STATRHttpRequest.m in Sources */ = {isa = PBXBuildFile; fileRef = B99872921370286700FD3703 /* STATRHttpRequest.m */; };
		B9E9A8B5136A8E2300786D64 /* Foundation.framework in Frameworks */ = {isa = PBXBuildFile; fileRef = B9E9A8B4136A8E2300786D64 /* Foundation.framework */; };
		B9E9A953136ABD7200786D64 /* STATRUtils.m in Sources */ = {isa = PBXBuildFile; fileRef = B9E9A951136ABD7200786D64 /* STATRUtils.m */; };
		B9E9A957136ABF2900786D64 /* STATRManager.m in Sources */ = {isa = PBXBuildFile; fileRef = B9E9A955136ABF2900786D64 /* STATRManager.m */; };
		B9E9A95B136AE14500786D64 /* STATREvent.m in Sources */ = {isa = PBXBuildFile; fileRef = B9E9A959136AE14400786D64 /* STATREvent.m */; };
/* End PBXBuildFile section */

/* Begin PBXCopyFilesBuildPhase section */
		3A6765B817BCF78D00E555E7 /* CopyFiles */ = {
			isa = PBXCopyFilesBuildPhase;
			buildActionMask = 2147483647;
			dstPath = "include/${PRODUCT_NAME}";
			dstSubfolderSpec = 16;
			files = (
				3A6765B917BCF7F600E555E7 /* STATR.h in CopyFiles */,
			);
			runOnlyForDeploymentPostprocessing = 0;
		};
/* End PBXCopyFilesBuildPhase section */

/* Begin PBXFileReference section */
		14E1E2939893653E54E1FDC4 /* STATREventParameter.m */ = {isa = PBXFileReference; fileEncoding = 4; lastKnownFileType = sourcecode.c.objc; path = STATREventParameter.m; sourceTree = "<group>"; };
		14E1E2A728B83D31A880386F /* STATRProductVersion.m */ = {isa = PBXFileReference; fileEncoding = 4; lastKnownFileType = sourcecode.c.objc; path = STATRProductVersion.m; sourceTree = "<group>"; };
		14E1E47DE6A453E643753777 /* STATRSystemInformation.h */ = {isa = PBXFileReference; fileEncoding = 4; lastKnownFileType = sourcecode.c.h; path = STATRSystemInformation.h; sourceTree = "<group>"; };
		14E1E4952E3903EBA50D4BBA /* KeychainItemWrapper.m */ = {isa = PBXFileReference; fileEncoding = 4; lastKnownFileType = sourcecode.c.objc; path = KeychainItemWrapper.m; sourceTree = "<group>"; };
		14E1E89D35BB62E940EBC4E2 /* KeychainItemWrapper.h */ = {isa = PBXFileReference; fileEncoding = 4; lastKnownFileType = sourcecode.c.h; path = KeychainItemWrapper.h; sourceTree = "<group>"; };
		14E1E8A198991D1044F80EC6 /* STATRInitParameters.m */ = {isa = PBXFileReference; fileEncoding = 4; lastKnownFileType = sourcecode.c.objc; path = STATRInitParameters.m; sourceTree = "<group>"; };
		14E1E8AB220DB1DDB68B7CC2 /* STATRSystemInformation.m */ = {isa = PBXFileReference; fileEncoding = 4; lastKnownFileType = sourcecode.c.objc; path = STATRSystemInformation.m; sourceTree = "<group>"; };
		3A0EA44418054BB8005B62CE /* STATRViewController.m */ = {isa = PBXFileReference; fileEncoding = 4; lastKnownFileType = sourcecode.c.objc; path = STATRViewController.m; sourceTree = "<group>"; };
		3A5936FD180C34380084C79B /* Reachability.h */ = {isa = PBXFileReference; fileEncoding = 4; lastKnownFileType = sourcecode.c.h; path = Reachability.h; sourceTree = "<group>"; };
		3A5936FE180C34380084C79B /* Reachability.m */ = {isa = PBXFileReference; fileEncoding = 4; lastKnownFileType = sourcecode.c.objc; path = Reachability.m; sourceTree = "<group>"; };
		3A593704180C4A1B0084C79B /* SystemConfiguration.framework */ = {isa = PBXFileReference; lastKnownFileType = wrapper.framework; name = SystemConfiguration.framework; path = System/Library/Frameworks/SystemConfiguration.framework; sourceTree = SDKROOT; };
		3A5ACB2417FC2B7400D787BC /* Security.framework */ = {isa = PBXFileReference; lastKnownFileType = wrapper.framework; name = Security.framework; path = System/Library/Frameworks/Security.framework; sourceTree = SDKROOT; };
		B9987258136FD6CF00FD3703 /* UIKit.framework */ = {isa = PBXFileReference; lastKnownFileType = wrapper.framework; name = UIKit.framework; path = System/Library/Frameworks/UIKit.framework; sourceTree = SDKROOT; };
		B998725C1370027400FD3703 /* STATRXmlWriter.h */ = {isa = PBXFileReference; fileEncoding = 4; lastKnownFileType = sourcecode.c.h; path = STATRXmlWriter.h; sourceTree = "<group>"; };
		B998725D1370027400FD3703 /* STATRXmlWriter.m */ = {isa = PBXFileReference; fileEncoding = 4; lastKnownFileType = sourcecode.c.objc; path = STATRXmlWriter.m; sourceTree = "<group>"; };
		B99872911370286600FD3703 /* STATRHttpRequest.h */ = {isa = PBXFileReference; fileEncoding = 4; lastKnownFileType = sourcecode.c.h; path = STATRHttpRequest.h; sourceTree = "<group>"; };
		B99872921370286700FD3703 /* STATRHttpRequest.m */ = {isa = PBXFileReference; fileEncoding = 4; lastKnownFileType = sourcecode.c.objc; path = STATRHttpRequest.m; sourceTree = "<group>"; };
		B9E9A8B1136A8E2300786D64 /* libSTATRTracker.a */ = {isa = PBXFileReference; explicitFileType = archive.ar; includeInIndex = 0; path = libSTATRTracker.a; sourceTree = BUILT_PRODUCTS_DIR; };
		B9E9A8B4136A8E2300786D64 /* Foundation.framework */ = {isa = PBXFileReference; lastKnownFileType = wrapper.framework; name = Foundation.framework; path = System/Library/Frameworks/Foundation.framework; sourceTree = SDKROOT; };
		B9E9A8B8136A8E2300786D64 /* STATRTracker-Prefix.pch */ = {isa = PBXFileReference; lastKnownFileType = sourcecode.c.h; path = "STATRTracker-Prefix.pch"; sourceTree = "<group>"; };
		B9E9A8BE136A90C700786D64 /* STATR.h */ = {isa = PBXFileReference; fileEncoding = 4; lastKnownFileType = sourcecode.c.h; path = STATR.h; sourceTree = "<group>"; };
		B9E9A950136ABD7200786D64 /* STATRUtils.h */ = {isa = PBXFileReference; fileEncoding = 4; lastKnownFileType = sourcecode.c.h; path = STATRUtils.h; sourceTree = "<group>"; };
		B9E9A951136ABD7200786D64 /* STATRUtils.m */ = {isa = PBXFileReference; fileEncoding = 4; lastKnownFileType = sourcecode.c.objc; path = STATRUtils.m; sourceTree = "<group>"; };
		B9E9A955136ABF2900786D64 /* STATRManager.m */ = {isa = PBXFileReference; fileEncoding = 4; lastKnownFileType = sourcecode.c.objc; path = STATRManager.m; sourceTree = "<group>"; };
		B9E9A959136AE14400786D64 /* STATREvent.m */ = {isa = PBXFileReference; fileEncoding = 4; lastKnownFileType = sourcecode.c.objc; path = STATREvent.m; sourceTree = "<group>"; };
		B9E9A95C136AE67500786D64 /* STATRConstants.h */ = {isa = PBXFileReference; fileEncoding = 4; lastKnownFileType = sourcecode.c.h; path = STATRConstants.h; sourceTree = "<group>"; };
/* End PBXFileReference section */

/* Begin PBXFrameworksBuildPhase section */
		B9E9A8AE136A8E2300786D64 /* Frameworks */ = {
			isa = PBXFrameworksBuildPhase;
			buildActionMask = 2147483647;
			files = (
				3A593705180C4A1B0084C79B /* SystemConfiguration.framework in Frameworks */,
				3A5ACB2517FC2B7400D787BC /* Security.framework in Frameworks */,
				B9987259136FD6CF00FD3703 /* UIKit.framework in Frameworks */,
				B9E9A8B5136A8E2300786D64 /* Foundation.framework in Frameworks */,
			);
			runOnlyForDeploymentPostprocessing = 0;
		};
/* End PBXFrameworksBuildPhase section */

/* Begin PBXGroup section */
		B9E9A8A6136A8E2300786D64 = {
			isa = PBXGroup;
			children = (
				B9E9A8B6136A8E2300786D64 /* SSSTracker */,
				B9E9A8B3136A8E2300786D64 /* Frameworks */,
				B9E9A8B2136A8E2300786D64 /* Products */,
			);
			sourceTree = "<group>";
		};
		B9E9A8B2136A8E2300786D64 /* Products */ = {
			isa = PBXGroup;
			children = (
				B9E9A8B1136A8E2300786D64 /* libSTATRTracker.a */,
			);
			name = Products;
			sourceTree = "<group>";
		};
		B9E9A8B3136A8E2300786D64 /* Frameworks */ = {
			isa = PBXGroup;
			children = (
				3A593704180C4A1B0084C79B /* SystemConfiguration.framework */,
				3A5ACB2417FC2B7400D787BC /* Security.framework */,
				B9987258136FD6CF00FD3703 /* UIKit.framework */,
				B9E9A8B4136A8E2300786D64 /* Foundation.framework */,
			);
			name = Frameworks;
			sourceTree = "<group>";
		};
		B9E9A8B6136A8E2300786D64 /* SSSTracker */ = {
			isa = PBXGroup;
			children = (
				B9E9A8B7136A8E2300786D64 /* Supporting Files */,
				B9E9A95C136AE67500786D64 /* STATRConstants.h */,
				B9E9A950136ABD7200786D64 /* STATRUtils.h */,
				B9E9A951136ABD7200786D64 /* STATRUtils.m */,
				B9E9A8BE136A90C700786D64 /* STATR.h */,
				B9E9A955136ABF2900786D64 /* STATRManager.m */,
				B9E9A959136AE14400786D64 /* STATREvent.m */,
				B998725C1370027400FD3703 /* STATRXmlWriter.h */,
				B998725D1370027400FD3703 /* STATRXmlWriter.m */,
				B99872911370286600FD3703 /* STATRHttpRequest.h */,
				B99872921370286700FD3703 /* STATRHttpRequest.m */,
				14E1E2939893653E54E1FDC4 /* STATREventParameter.m */,
				14E1E2A728B83D31A880386F /* STATRProductVersion.m */,
				14E1E8A198991D1044F80EC6 /* STATRInitParameters.m */,
				14E1E47DE6A453E643753777 /* STATRSystemInformation.h */,
				14E1E8AB220DB1DDB68B7CC2 /* STATRSystemInformation.m */,
				3A0EA44418054BB8005B62CE /* STATRViewController.m */,
				14E1E4952E3903EBA50D4BBA /* KeychainItemWrapper.m */,
				14E1E89D35BB62E940EBC4E2 /* KeychainItemWrapper.h */,
				3A5936FD180C34380084C79B /* Reachability.h */,
				3A5936FE180C34380084C79B /* Reachability.m */,
			);
			path = SSSTracker;
			sourceTree = "<group>";
		};
		B9E9A8B7136A8E2300786D64 /* Supporting Files */ = {
			isa = PBXGroup;
			children = (
				B9E9A8B8136A8E2300786D64 /* STATRTracker-Prefix.pch */,
			);
			name = "Supporting Files";
			sourceTree = "<group>";
		};
/* End PBXGroup section */

/* Begin PBXNativeTarget section */
		B9E9A8B0136A8E2300786D64 /* STATRTracker */ = {
			isa = PBXNativeTarget;
			buildConfigurationList = B9E9A8BB136A8E2300786D64 /* Build configuration list for PBXNativeTarget "STATRTracker" */;
			buildPhases = (
				B9E9A8AD136A8E2300786D64 /* Sources */,
				B9E9A8AE136A8E2300786D64 /* Frameworks */,
				3A6765B817BCF78D00E555E7 /* CopyFiles */,
			);
			buildRules = (
			);
			dependencies = (
			);
			name = STATRTracker;
			productName = SSSTracker;
			productReference = B9E9A8B1136A8E2300786D64 /* libSTATRTracker.a */;
			productType = "com.apple.product-type.library.static";
		};
/* End PBXNativeTarget section */

/* Begin PBXProject section */
		B9E9A8A8136A8E2300786D64 /* Project object */ = {
			isa = PBXProject;
			attributes = {
				LastUpgradeCheck = 0500;
			};
			buildConfigurationList = B9E9A8AB136A8E2300786D64 /* Build configuration list for PBXProject "STATRTracker" */;
			compatibilityVersion = "Xcode 3.2";
			developmentRegion = English;
			hasScannedForEncodings = 0;
			knownRegions = (
				en,
			);
			mainGroup = B9E9A8A6136A8E2300786D64;
			productRefGroup = B9E9A8B2136A8E2300786D64 /* Products */;
			projectDirPath = "";
			projectRoot = "";
			targets = (
				B9E9A8B0136A8E2300786D64 /* STATRTracker */,
				3A4EE18A17BE4C97008ED7A2 /* STATRTrackerAggregate */,
			);
		};
/* End PBXProject section */

/* Begin PBXShellScriptBuildPhase section */
		3A4EE18E17BE4CED008ED7A2 /* ShellScript */ = {
			isa = PBXShellScriptBuildPhase;
			buildActionMask = 2147483647;
			files = (
			);
			inputPaths = (
			);
			outputPaths = (
			);
			runOnlyForDeploymentPostprocessing = 0;
			shellPath = /bin/sh;
			shellScript = ./build.sh;
		};
/* End PBXShellScriptBuildPhase section */

/* Begin PBXSourcesBuildPhase section */
		B9E9A8AD136A8E2300786D64 /* Sources */ = {
			isa = PBXSourcesBuildPhase;
			buildActionMask = 2147483647;
			files = (
				B9E9A953136ABD7200786D64 /* STATRUtils.m in Sources */,
				B9E9A957136ABF2900786D64 /* STATRManager.m in Sources */,
				B9E9A95B136AE14500786D64 /* STATREvent.m in Sources */,
				B998725F1370027400FD3703 /* STATRXmlWriter.m in Sources */,
				B99872941370286700FD3703 /* STATRHttpRequest.m in Sources */,
				14E1E4C371B71B7285BDC088 /* STATREventParameter.m in Sources */,
				14E1E389D2BF64E6F5FCB758 /* STATRProductVersion.m in Sources */,
				14E1E1B719A874625474B7D0 /* STATRInitParameters.m in Sources */,
				3A0EA44518054BB8005B62CE /* STATRViewController.m in Sources */,
				14E1E282C980445B79C34A55 /* STATRSystemInformation.m in Sources */,
				3A5936FF180C34380084C79B /* Reachability.m in Sources */,
				14E1EDF20365272B559BAC45 /* KeychainItemWrapper.m in Sources */,
			);
			runOnlyForDeploymentPostprocessing = 0;
		};
/* End PBXSourcesBuildPhase section */

/* Begin XCBuildConfiguration section */
		3A4EE18B17BE4C97008ED7A2 /* Debug */ = {
			isa = XCBuildConfiguration;
			buildSettings = {
				ARCHS = "$(ARCHS_STANDARD_INCLUDING_64_BIT)";
				GCC_VERSION = com.apple.compilers.llvm.clang.1_0;
				IPHONEOS_DEPLOYMENT_TARGET = 5.1.1;
				PRODUCT_NAME = STATRTrackerAggregate;
			};
			name = Debug;
		};
		3A4EE18C17BE4C97008ED7A2 /* Release */ = {
			isa = XCBuildConfiguration;
			buildSettings = {
				ARCHS = "$(ARCHS_STANDARD_INCLUDING_64_BIT)";
				GCC_VERSION = com.apple.compilers.llvm.clang.1_0;
				IPHONEOS_DEPLOYMENT_TARGET = 5.1.1;
				PRODUCT_NAME = STATRTrackerAggregate;
			};
			name = Release;
		};
		B9E9A8B9136A8E2300786D64 /* Debug */ = {
			isa = XCBuildConfiguration;
			buildSettings = {
				GCC_C_LANGUAGE_STANDARD = gnu99;
				GCC_OPTIMIZATION_LEVEL = 0;
				GCC_PREPROCESSOR_DEFINITIONS = DEBUG;
				GCC_SYMBOLS_PRIVATE_EXTERN = NO;
				GCC_VERSION = com.apple.compilers.llvmgcc42;
				GCC_WARN_ABOUT_RETURN_TYPE = YES;
				GCC_WARN_UNUSED_VARIABLE = YES;
				IPHONEOS_DEPLOYMENT_TARGET = 5.0;
				ONLY_ACTIVE_ARCH = YES;
				SDKROOT = iphoneos;
			};
			name = Debug;
		};
		B9E9A8BA136A8E2300786D64 /* Release */ = {
			isa = XCBuildConfiguration;
			buildSettings = {
				GCC_C_LANGUAGE_STANDARD = gnu99;
				GCC_VERSION = com.apple.compilers.llvmgcc42;
				GCC_WARN_ABOUT_RETURN_TYPE = YES;
				GCC_WARN_UNUSED_VARIABLE = YES;
				IPHONEOS_DEPLOYMENT_TARGET = 5.0;
				SDKROOT = iphoneos;
			};
			name = Release;
		};
		B9E9A8BC136A8E2300786D64 /* Debug */ = {
			isa = XCBuildConfiguration;
			buildSettings = {
				ALWAYS_SEARCH_USER_PATHS = NO;
				CLANG_ENABLE_OBJC_ARC = YES;
				DSTROOT = /tmp/SSSTracker.dst;
				GCC_PRECOMPILE_PREFIX_HEADER = YES;
				GCC_PREFIX_HEADER = "SSSTracker/STATRTracker-Prefix.pch";
				GCC_VERSION = com.apple.compilers.llvm.clang.1_0;
				OTHER_LDFLAGS = "-ObjC";
				PRODUCT_NAME = STATRTracker;
			};
			name = Debug;
		};
		B9E9A8BD136A8E2300786D64 /* Release */ = {
			isa = XCBuildConfiguration;
			buildSettings = {
				ALWAYS_SEARCH_USER_PATHS = NO;
				CLANG_ENABLE_OBJC_ARC = YES;
				DSTROOT = /tmp/SSSTracker.dst;
				GCC_PRECOMPILE_PREFIX_HEADER = YES;
				GCC_PREFIX_HEADER = "SSSTracker/STATRTracker-Prefix.pch";
				GCC_VERSION = com.apple.compilers.llvm.clang.1_0;
				OTHER_LDFLAGS = "-ObjC";
				PRODUCT_NAME = STATRTracker;
			};
			name = Release;
		};
/* End XCBuildConfiguration section */

/* Begin XCConfigurationList section */
		3A4EE18D17BE4C97008ED7A2 /* Build configuration list for PBXAggregateTarget "STATRTrackerAggregate" */ = {
			isa = XCConfigurationList;
			buildConfigurations = (
				3A4EE18B17BE4C97008ED7A2 /* Debug */,
				3A4EE18C17BE4C97008ED7A2 /* Release */,
			);
			defaultConfigurationIsVisible = 0;
			defaultConfigurationName = Release;
		};
		B9E9A8AB136A8E2300786D64 /* Build configuration list for PBXProject "STATRTracker" */ = {
			isa = XCConfigurationList;
			buildConfigurations = (
				B9E9A8B9136A8E2300786D64 /* Debug */,
				B9E9A8BA136A8E2300786D64 /* Release */,
			);
			defaultConfigurationIsVisible = 0;
			defaultConfigurationName = Release;
		};
		B9E9A8BB136A8E2300786D64 /* Build configuration list for PBXNativeTarget "STATRTracker" */ = {
			isa = XCConfigurationList;
			buildConfigurations = (
				B9E9A8BC136A8E2300786D64 /* Debug */,
				B9E9A8BD136A8E2300786D64 /* Release */,
			);
			defaultConfigurationIsVisible = 0;
			defaultConfigurationName = Release;
		};
/* End XCConfigurationList section */
	};
	rootObject = B9E9A8A8136A8E2300786D64 /* Project object */;
}
